
Microsoft Visual Studio Solution File, Format Version 12.00
# Visual Studio Version 17
VisualStudioVersion = 17.5.33530.505
MinimumVisualStudioVersion = 10.0.40219.1
Project("{FAE04EC0-301F-11D3-BF4B-00C04F79EFBC}") = "ZadaniePoPM", "ZadaniePoPM.csproj", "{F76A4929-17AC-48A4-83A8-821AE926728C}"
EndProject
Global
	GlobalSection(SolutionConfigurationPlatforms) = preSolution
		Debug|Any CPU = Debug|Any CPU
		Release|Any CPU = Release|Any CPU
	EndGlobalSection
	GlobalSection(ProjectConfigurationPlatforms) = postSolution
		{F76A4929-17AC-48A4-83A8-821AE926728C}.Debug|Any CPU.ActiveCfg = Debug|Any CPU
		{F76A4929-17AC-48A4-83A8-821AE926728C}.Debug|Any CPU.Build.0 = Debug|Any CPU
		{F76A4929-17AC-48A4-83A8-821AE926728C}.Release|Any CPU.ActiveCfg = Release|Any CPU
		{F76A4929-17AC-48A4-83A8-821AE926728C}.Release|Any CPU.Build.0 = Release|Any CPU
	EndGlobalSection
	GlobalSection(SolutionProperties) = preSolution
		HideSolutionNode = FALSE
	EndGlobalSection
	GlobalSection(ExtensibilityGlobals) = postSolution
		SolutionGuid = {4B858EFB-3CEC-4063-A4A2-5C4F5597C90B}
	EndGlobalSection
EndGlobal
